{
  "name": "koa",
  "version": "0.1.0",
  "lockfileVersion": 1,
  "requires": true,
  "dependencies": {
    "asynckit": {
      "version": "0.4.0",
      "resolved": "https://registry.npm.taobao.org/asynckit/download/asynckit-0.4.0.tgz"
    },
    "aws-sign2": {
      "version": "0.7.0",
      "resolved": "https://registry.npm.taobao.org/aws-sign2/download/aws-sign2-0.7.0.tgz"
    },
    "aws4": {
      "version": "1.8.0",
      "resolved": "https://registry.npm.taobao.org/aws4/download/aws4-1.8.0.tgz"
    },
    "caseless": {
      "version": "0.12.0",
      "resolved": "https://registry.npm.taobao.org/caseless/download/caseless-0.12.0.tgz"
    },
    "combined-stream": {
      "version": "1.0.8",
      "resolved": "https://registry.npm.taobao.org/combined-stream/download/combined-stream-1.0.8.tgz",
      "dependencies": {
        "delayed-stream": {
          "version": "https://registry.npm.taobao.org/delayed-stream/download/delayed-stream-1.0.0.tgz"
        }
      }
    },
    "debug": {
      "version": "3.2.6",
      "resolved": "https://registry.npm.taobao.org/debug/download/debug-3.2.6.tgz?cache=0&other_urls=https%3A%2F%2Fregistry.npm.taobao.org%2Fdebug%2Fdownload%2Fdebug-3.2.6.tgz",
      "dependencies": {
        "ms": {
          "version": "https://registry.npm.taobao.org/ms/download/ms-2.1.2.tgz"
        }
      }
    },
    "extend": {
      "version": "3.0.2",
      "resolved": "https://registry.npm.taobao.org/extend/download/extend-3.0.2.tgz"
    },
    "forever-agent": {
      "version": "0.6.1",
      "resolved": "https://registry.npm.taobao.org/forever-agent/download/forever-agent-0.6.1.tgz"
    },
    "form-data": {
      "version": "2.3.3",
      "resolved": "https://registry.npm.taobao.org/form-data/download/form-data-2.3.3.tgz",
      "requires": {
        "asynckit": "^0.4.0",
        "combined-stream": "^1.0.6",
        "mime-types": "^2.1.12"
      },
      "dependencies": {
        "asynckit": {
          "version": "https://registry.npm.taobao.org/asynckit/download/asynckit-0.4.0.tgz"
        },
        "combined-stream": {
          "version": "https://registry.npm.taobao.org/combined-stream/download/combined-stream-1.0.8.tgz"
        },
        "mime-types": {
          "version": "https://registry.npm.taobao.org/mime-types/download/mime-types-2.1.24.tgz",
          "dependencies": {
            "mime-db": {
              "version": "https://registry.npm.taobao.org/mime-db/download/mime-db-1.40.0.tgz"
            }
          }
        }
      }
    },
    "har-schema": {
      "version": "2.0.0",
      "resolved": "https://registry.npm.taobao.org/har-schema/download/har-schema-2.0.0.tgz"
    },
    "har-validator": {
      "version": "5.1.3",
      "resolved": "https://registry.npm.taobao.org/har-validator/download/har-validator-5.1.3.tgz",
      "requires": {
        "har-schema": "^2.0.0"
      },
      "dependencies": {
        "ajv": {
          "version": "https://registry.npm.taobao.org/ajv/download/ajv-6.10.2.tgz?cache=0&sync_timestamp=1563113786760&other_urls=https%3A%2F%2Fregistry.npm.taobao.org%2Fajv%2Fdownload%2Fajv-6.10.2.tgz"
        },
        "har-schema": {
          "version": "https://registry.npm.taobao.org/har-schema/download/har-schema-2.0.0.tgz"
        }
      }
    },
    "http-signature": {
      "version": "1.2.0",
      "resolved": "https://registry.npm.taobao.org/http-signature/download/http-signature-1.2.0.tgz",
      "dependencies": {
        "assert-plus": {
          "version": "https://registry.npm.taobao.org/assert-plus/download/assert-plus-1.0.0.tgz"
        },
        "jsprim": {
          "version": "https://registry.npm.taobao.org/jsprim/download/jsprim-1.4.1.tgz"
        },
        "sshpk": {
          "version": "https://registry.npm.taobao.org/sshpk/download/sshpk-1.16.1.tgz"
        }
      }
    },
    "is-typedarray": {
      "version": "1.0.0",
      "resolved": "https://registry.npm.taobao.org/is-typedarray/download/is-typedarray-1.0.0.tgz"
    },
    "isstream": {
      "version": "0.1.2",
      "resolved": "https://registry.npm.taobao.org/isstream/download/isstream-0.1.2.tgz"
    },
    "json-stringify-safe": {
      "version": "5.0.1",
      "resolved": "https://registry.npm.taobao.org/json-stringify-safe/download/json-stringify-safe-5.0.1.tgz?cache=0&other_urls=https%3A%2F%2Fregistry.npm.taobao.org%2Fjson-stringify-safe%2Fdownload%2Fjson-stringify-safe-5.0.1.tgz"
    },
    "jsonwebtoken": {
      "version": "8.5.1",
      "resolved": "https://registry.npm.taobao.org/jsonwebtoken/download/jsonwebtoken-8.5.1.tgz",
      "dependencies": {
        "jws": {
          "version": "https://registry.npm.taobao.org/jws/download/jws-3.2.2.tgz"
        },
        "lodash.includes": {
          "version": "https://registry.npm.taobao.org/lodash.includes/download/lodash.includes-4.3.0.tgz"
        },
        "lodash.isboolean": {
          "version": "https://registry.npm.taobao.org/lodash.isboolean/download/lodash.isboolean-3.0.3.tgz"
        },
        "lodash.isinteger": {
          "version": "https://registry.npm.taobao.org/lodash.isinteger/download/lodash.isinteger-4.0.4.tgz"
        },
        "lodash.isnumber": {
          "version": "https://registry.npm.taobao.org/lodash.isnumber/download/lodash.isnumber-3.0.3.tgz"
        },
        "lodash.isplainobject": {
          "version": "https://registry.npm.taobao.org/lodash.isplainobject/download/lodash.isplainobject-4.0.6.tgz"
        },
        "lodash.isstring": {
          "version": "https://registry.npm.taobao.org/lodash.isstring/download/lodash.isstring-4.0.1.tgz"
        },
        "lodash.once": {
          "version": "https://registry.npm.taobao.org/lodash.once/download/lodash.once-4.1.1.tgz"
        },
        "ms": {
          "version": "https://registry.npm.taobao.org/ms/download/ms-2.1.2.tgz"
        },
        "semver": {
          "version": "https://registry.npm.taobao.org/semver/download/semver-5.7.0.tgz"
        }
      }
    },
    "koa": {
      "version": "2.7.0",
      "resolved": "https://registry.npm.taobao.org/koa/download/koa-2.7.0.tgz",
      "requires": {
        "koa-convert": "^1.2.0"
      },
      "dependencies": {
        "accepts": {
          "version": "https://registry.npm.taobao.org/accepts/download/accepts-1.3.7.tgz"
        },
        "cache-content-type": {
          "version": "https://registry.npm.taobao.org/cache-content-type/download/cache-content-type-1.0.1.tgz",
          "dependencies": {
            "mime-types": {
              "version": "https://registry.npm.taobao.org/mime-types/download/mime-types-2.1.24.tgz",
              "dependencies": {
                "mime-db": {
                  "version": "https://registry.npm.taobao.org/mime-db/download/mime-db-1.40.0.tgz"
                }
              }
            },
            "ylru": {
              "version": "https://registry.npm.taobao.org/ylru/download/ylru-1.2.1.tgz"
            }
          }
        },
        "content-disposition": {
          "version": "https://registry.npm.taobao.org/content-disposition/download/content-disposition-0.5.3.tgz"
        },
        "content-type": {
          "version": "https://registry.npm.taobao.org/content-type/download/content-type-1.0.4.tgz"
        },
        "cookies": {
          "version": "https://registry.npm.taobao.org/cookies/download/cookies-0.7.3.tgz"
        },
        "debug": {
          "version": "https://registry.npm.taobao.org/debug/download/debug-3.1.0.tgz?cache=0&other_urls=https%3A%2F%2Fregistry.npm.taobao.org%2Fdebug%2Fdownload%2Fdebug-3.1.0.tgz"
        },
        "delegates": {
          "version": "https://registry.npm.taobao.org/delegates/download/delegates-1.0.0.tgz"
        },
        "depd": {
          "version": "https://registry.npm.taobao.org/depd/download/depd-1.1.2.tgz"
        },
        "destroy": {
          "version": "https://registry.npm.taobao.org/destroy/download/destroy-1.0.4.tgz"
        },
        "error-inject": {
          "version": "https://registry.npm.taobao.org/error-inject/download/error-inject-1.0.0.tgz"
        },
        "escape-html": {
          "version": "https://registry.npm.taobao.org/escape-html/download/escape-html-1.0.3.tgz"
        },
        "fresh": {
          "version": "https://registry.npm.taobao.org/fresh/download/fresh-0.5.2.tgz"
        },
        "http-assert": {
          "version": "https://registry.npm.taobao.org/http-assert/download/http-assert-1.4.1.tgz"
        },
        "http-errors": {
          "version": "https://registry.npm.taobao.org/http-errors/download/http-errors-1.7.3.tgz?cache=0&sync_timestamp=1561418493658&other_urls=https%3A%2F%2Fregistry.npm.taobao.org%2Fhttp-errors%2Fdownload%2Fhttp-errors-1.7.3.tgz",
          "dependencies": {
            "depd": {
              "version": "https://registry.npm.taobao.org/depd/download/depd-1.1.2.tgz"
            },
            "inherits": {
              "version": "https://registry.npm.taobao.org/inherits/download/inherits-2.0.4.tgz"
            },
            "setprototypeof": {
              "version": "https://registry.npm.taobao.org/setprototypeof/download/setprototypeof-1.1.1.tgz"
            },
            "statuses": {
              "version": "https://registry.npm.taobao.org/statuses/download/statuses-1.5.0.tgz"
            },
            "toidentifier": {
              "version": "https://registry.npm.taobao.org/toidentifier/download/toidentifier-1.0.0.tgz"
            }
          }
        },
        "is-generator-function": {
          "version": "https://registry.npm.taobao.org/is-generator-function/download/is-generator-function-1.0.7.tgz"
        },
        "koa-compose": {
          "version": "https://registry.npm.taobao.org/koa-compose/download/koa-compose-4.1.0.tgz"
        },
        "koa-convert": {
          "version": "https://registry.npm.taobao.org/koa-convert/download/koa-convert-1.2.0.tgz?cache=0&other_urls=https%3A%2F%2Fregistry.npm.taobao.org%2Fkoa-convert%2Fdownload%2Fkoa-convert-1.2.0.tgz"
        },
        "koa-is-json": {
          "version": "https://registry.npm.taobao.org/koa-is-json/download/koa-is-json-1.0.0.tgz"
        },
        "on-finished": {
          "version": "https://registry.npm.taobao.org/on-finished/download/on-finished-2.3.0.tgz"
        },
        "only": {
          "version": "https://registry.npm.taobao.org/only/download/only-0.0.2.tgz"
        },
        "parseurl": {
          "version": "https://registry.npm.taobao.org/parseurl/download/parseurl-1.3.3.tgz"
        },
        "statuses": {
          "version": "https://registry.npm.taobao.org/statuses/download/statuses-1.5.0.tgz"
        },
        "type-is": {
          "version": "https://registry.npm.taobao.org/type-is/download/type-is-1.6.18.tgz"
        },
        "vary": {
          "version": "https://registry.npm.taobao.org/vary/download/vary-1.1.2.tgz"
        }
      }
    },
    "koa-bodyparser": {
      "version": "3.2.0",
      "resolved": "https://registry.npm.taobao.org/koa-bodyparser/download/koa-bodyparser-3.2.0.tgz"
    },
    "koa-convert": {
      "version": "1.2.0",
      "resolved": "https://registry.npm.taobao.org/koa-convert/download/koa-convert-1.2.0.tgz?cache=0&other_urls=https%3A%2F%2Fregistry.npm.taobao.org%2Fkoa-convert%2Fdownload%2Fkoa-convert-1.2.0.tgz",
      "dependencies": {
        "co": {
          "version": "https://registry.npm.taobao.org/co/download/co-4.6.0.tgz"
        },
        "koa-compose": {
          "version": "https://registry.npm.taobao.org/koa-compose/download/koa-compose-3.2.1.tgz"
        }
      }
    },
    "koa-json": {
      "version": "2.0.2",
      "resolved": "https://registry.npm.taobao.org/koa-json/download/koa-json-2.0.2.tgz",
      "dependencies": {
        "koa-is-json": {
          "version": "https://registry.npm.taobao.org/koa-is-json/download/koa-is-json-1.0.0.tgz"
        },
        "streaming-json-stringify": {
          "version": "https://registry.npm.taobao.org/streaming-json-stringify/download/streaming-json-stringify-3.1.0.tgz"
        }
      }
    },
    "koa-jwt": {
      "version": "3.6.0",
      "resolved": "https://registry.npm.taobao.org/koa-jwt/download/koa-jwt-3.6.0.tgz?cache=0&other_urls=https%3A%2F%2Fregistry.npm.taobao.org%2Fkoa-jwt%2Fdownload%2Fkoa-jwt-3.6.0.tgz",
      "requires": {
        "jsonwebtoken": "8.5.1"
      },
      "dependencies": {
        "jsonwebtoken": {
          "version": "https://registry.npm.taobao.org/jsonwebtoken/download/jsonwebtoken-8.5.1.tgz"
        },
        "koa-unless": {
          "version": "https://registry.npm.taobao.org/koa-unless/download/koa-unless-1.0.7.tgz"
        },
        "p-any": {
          "version": "https://registry.npm.taobao.org/p-any/download/p-any-1.1.0.tgz",
          "dependencies": {
            "p-some": {
              "version": "https://registry.npm.taobao.org/p-some/download/p-some-2.0.1.tgz",
              "dependencies": {
                "aggregate-error": {
                  "version": "https://registry.npm.taobao.org/aggregate-error/download/aggregate-error-1.0.0.tgz?cache=0&other_urls=https%3A%2F%2Fregistry.npm.taobao.org%2Faggregate-error%2Fdownload%2Faggregate-error-1.0.0.tgz",
                  "dependencies": {
                    "clean-stack": {
                      "version": "https://registry.npm.taobao.org/clean-stack/download/clean-stack-1.3.0.tgz"
                    },
                    "indent-string": {
                      "version": "https://registry.npm.taobao.org/indent-string/download/indent-string-3.2.0.tgz"
                    }
                  }
                }
              }
            }
          }
        }
      }
    },
    "koa-logger": {
      "version": "2.0.1",
      "resolved": "https://registry.npm.taobao.org/koa-logger/download/koa-logger-2.0.1.tgz?cache=0&other_urls=https%3A%2F%2Fregistry.npm.taobao.org%2Fkoa-logger%2Fdownload%2Fkoa-logger-2.0.1.tgz",
      "dependencies": {
        "bytes": {
          "version": "https://registry.npm.taobao.org/bytes/download/bytes-1.0.0.tgz"
        },
        "chalk": {
          "version": "https://registry.npm.taobao.org/chalk/download/chalk-1.1.3.tgz",
          "dependencies": {
            "ansi-styles": {
              "version": "https://registry.npm.taobao.org/ansi-styles/download/ansi-styles-2.2.1.tgz"
            },
            "escape-string-regexp": {
              "version": "https://registry.npm.taobao.org/escape-string-regexp/download/escape-string-regexp-1.0.5.tgz?cache=0&other_urls=https%3A%2F%2Fregistry.npm.taobao.org%2Fescape-string-regexp%2Fdownload%2Fescape-string-regexp-1.0.5.tgz"
            },
            "has-ansi": {
              "version": "https://registry.npm.taobao.org/has-ansi/download/has-ansi-2.0.0.tgz"
            },
            "strip-ansi": {
              "version": "https://registry.npm.taobao.org/strip-ansi/download/strip-ansi-3.0.1.tgz"
            },
            "supports-color": {
              "version": "https://registry.npm.taobao.org/supports-color/download/supports-color-2.0.0.tgz"
            }
          }
        },
        "humanize-number": {
          "version": "https://registry.npm.taobao.org/humanize-number/download/humanize-number-0.0.2.tgz"
        },
        "passthrough-counter": {
          "version": "https://registry.npm.taobao.org/passthrough-counter/download/passthrough-counter-1.0.0.tgz"
        }
      }
    },
    "koa-onerror": {
      "version": "1.3.1",
      "resolved": "https://registry.npm.taobao.org/koa-onerror/download/koa-onerror-1.3.1.tgz",
      "dependencies": {
        "copy-to": {
          "version": "https://registry.npm.taobao.org/copy-to/download/copy-to-2.0.1.tgz"
        },
        "swig": {
          "version": "https://registry.npm.taobao.org/swig/download/swig-1.4.2.tgz"
        }
      }
    },
    "koa-router": {
      "version": "7.4.0",
      "resolved": "https://registry.npm.taobao.org/koa-router/download/koa-router-7.4.0.tgz",
      "requires": {
        "debug": "^3.1.0"
      },
      "dependencies": {
        "debug": {
          "version": "https://registry.npm.taobao.org/debug/download/debug-3.2.6.tgz?cache=0&other_urls=https%3A%2F%2Fregistry.npm.taobao.org%2Fdebug%2Fdownload%2Fdebug-3.2.6.tgz",
          "dependencies": {
            "ms": {
              "version": "https://registry.npm.taobao.org/ms/download/ms-2.1.2.tgz"
            }
          }
        },
        "http-errors": {
          "version": "https://registry.npm.taobao.org/http-errors/download/http-errors-1.7.3.tgz?cache=0&sync_timestamp=1561418493658&other_urls=https%3A%2F%2Fregistry.npm.taobao.org%2Fhttp-errors%2Fdownload%2Fhttp-errors-1.7.3.tgz"
        },
        "koa-compose": {
          "version": "https://registry.npm.taobao.org/koa-compose/download/koa-compose-3.2.1.tgz",
          "dependencies": {
            "any-promise": {
              "version": "https://registry.npm.taobao.org/any-promise/download/any-promise-1.3.0.tgz"
            }
          }
        },
        "methods": {
          "version": "https://registry.npm.taobao.org/methods/download/methods-1.1.2.tgz"
        },
        "path-to-regexp": {
          "version": "https://registry.npm.taobao.org/path-to-regexp/download/path-to-regexp-1.7.0.tgz"
        },
        "urijs": {
          "version": "https://registry.npm.taobao.org/urijs/download/urijs-1.19.1.tgz"
        }
      }
    },
    "koa-session": {
      "version": "5.12.2",
      "resolved": "https://registry.npm.taobao.org/koa-session/download/koa-session-5.12.2.tgz",
      "requires": {
        "debug": "^3.1.0",
        "uuid": "^3.3.2"
      },
      "dependencies": {
        "crc": {
          "version": "https://registry.npm.taobao.org/crc/download/crc-3.8.0.tgz"
        },
        "debug": {
          "version": "https://registry.npm.taobao.org/debug/download/debug-3.2.6.tgz?cache=0&other_urls=https%3A%2F%2Fregistry.npm.taobao.org%2Fdebug%2Fdownload%2Fdebug-3.2.6.tgz",
          "dependencies": {
            "ms": {
              "version": "https://registry.npm.taobao.org/ms/download/ms-2.1.2.tgz"
            }
          }
        },
        "is-type-of": {
          "version": "https://registry.npm.taobao.org/is-type-of/download/is-type-of-1.2.1.tgz"
        },
        "uuid": {
          "version": "https://registry.npm.taobao.org/uuid/download/uuid-3.3.2.tgz?cache=0&other_urls=https%3A%2F%2Fregistry.npm.taobao.org%2Fuuid%2Fdownload%2Fuuid-3.3.2.tgz"
        }
      }
    },
    "koa-static": {
      "version": "3.0.0",
      "resolved": "https://registry.npm.taobao.org/koa-static/download/koa-static-3.0.0.tgz",
      "requires": {
        "debug": "*"
      },
      "dependencies": {
        "debug": {
          "version": "https://registry.npm.taobao.org/debug/download/debug-4.1.1.tgz?cache=0&other_urls=https%3A%2F%2Fregistry.npm.taobao.org%2Fdebug%2Fdownload%2Fdebug-4.1.1.tgz"
        },
        "koa-send": {
          "version": "https://registry.npm.taobao.org/koa-send/download/koa-send-3.3.0.tgz",
          "dependencies": {
            "co": {
              "version": "https://registry.npm.taobao.org/co/download/co-4.6.0.tgz"
            },
            "debug": {
              "version": "https://registry.npm.taobao.org/debug/download/debug-2.6.9.tgz?cache=0&other_urls=https%3A%2F%2Fregistry.npm.taobao.org%2Fdebug%2Fdownload%2Fdebug-2.6.9.tgz",
              "dependencies": {
                "ms": {
                  "version": "https://registry.npm.taobao.org/ms/download/ms-2.0.0.tgz"
                }
              }
            },
            "mz": {
              "version": "https://registry.npm.taobao.org/mz/download/mz-2.7.0.tgz"
            },
            "resolve-path": {
              "version": "https://registry.npm.taobao.org/resolve-path/download/resolve-path-1.4.0.tgz"
            }
          }
        }
      }
    },
    "koa-views": {
      "version": "5.2.1",
      "resolved": "https://registry.npm.taobao.org/koa-views/download/koa-views-5.2.1.tgz",
      "dependencies": {
        "consolidate": {
          "version": "https://registry.npm.taobao.org/consolidate/download/consolidate-0.14.5.tgz"
        },
        "debug": {
          "version": "https://registry.npm.taobao.org/debug/download/debug-2.6.9.tgz?cache=0&other_urls=https%3A%2F%2Fregistry.npm.taobao.org%2Fdebug%2Fdownload%2Fdebug-2.6.9.tgz",
          "dependencies": {
            "ms": {
              "version": "https://registry.npm.taobao.org/ms/download/ms-2.0.0.tgz"
            }
          }
        },
        "koa-send": {
          "version": "https://registry.npm.taobao.org/koa-send/download/koa-send-3.3.0.tgz",
          "dependencies": {
            "co": {
              "version": "https://registry.npm.taobao.org/co/download/co-4.6.0.tgz"
            },
            "debug": {
              "version": "https://registry.npm.taobao.org/debug/download/debug-2.6.9.tgz?cache=0&other_urls=https%3A%2F%2Fregistry.npm.taobao.org%2Fdebug%2Fdownload%2Fdebug-2.6.9.tgz",
              "dependencies": {}
            },
            "mz": {
              "version": "https://registry.npm.taobao.org/mz/download/mz-2.7.0.tgz"
            },
            "resolve-path": {
              "version": "https://registry.npm.taobao.org/resolve-path/download/resolve-path-1.4.0.tgz"
            }
          }
        },
        "mz": {
          "version": "https://registry.npm.taobao.org/mz/download/mz-2.7.0.tgz",
          "dependencies": {
            "any-promise": {
              "version": "https://registry.npm.taobao.org/any-promise/download/any-promise-1.3.0.tgz"
            },
            "object-assign": {
              "version": "https://registry.npm.taobao.org/object-assign/download/object-assign-4.1.1.tgz"
            },
            "thenify-all": {
              "version": "https://registry.npm.taobao.org/thenify-all/download/thenify-all-1.6.0.tgz"
            }
          }
        }
      }
    },
    "l-passport": {
      "version": "1.1.5",
      "resolved": "https://registry.npmjs.org/l-passport/-/l-passport-1.1.5.tgz",
      "integrity": "sha512-79bYx+c9SQeiQTfpzmlmV9QtFIflUZ4Emzc5B0mG6B0RpJifxJy3k8jVr3kURWd1NtaK9BSh+ATc9/NhtyfgfA==",
      "requires": {
        "lodash": "^4.17.11",
        "request": "^2.88.0",
        "request-promise-native": "^1.0.5"
      },
      "dependencies": {
        "form-data": {
          "version": "2.3.3",
          "resolved": "https://registry.npmjs.org/form-data/-/form-data-2.3.3.tgz",
          "integrity": "sha512-1lLKB2Mu3aGP1Q/2eCOx0fNbRMe7XdwktwOruhfqqd0rIJWwN4Dh+E3hrPSlDCXnSR7UtZ1N38rVXm+6+MEhJQ==",
          "requires": {
            "asynckit": "^0.4.0",
            "combined-stream": "^1.0.6",
            "mime-types": "^2.1.12"
          }
        },
        "json-stringify-safe": {
          "version": "5.0.1",
          "resolved": "https://registry.npmjs.org/json-stringify-safe/-/json-stringify-safe-5.0.1.tgz",
          "integrity": "sha1-Epai1Y/UXxmg9s4B1lcB4sc1tus="
        },
        "performance-now": {
          "version": "2.1.0",
          "resolved": "https://registry.npmjs.org/performance-now/-/performance-now-2.1.0.tgz",
          "integrity": "sha1-Ywn04OX6kT7BxpMHrjZLSzd8nns="
        },
        "psl": {
          "version": "1.3.0",
          "resolved": "https://registry.npmjs.org/psl/-/psl-1.3.0.tgz",
          "integrity": "sha512-avHdspHO+9rQTLbv1RO+MPYeP/SzsCoxofjVnHanETfQhTJrmB0HlDoW+EiN/R+C0BZ+gERab9NY0lPN2TxNag=="
        },
        "punycode": {
          "version": "1.4.1",
          "resolved": "https://registry.npmjs.org/punycode/-/punycode-1.4.1.tgz",
          "integrity": "sha1-wNWmOycYgArY4esPpSachN1BhF4="
        },
        "qs": {
          "version": "6.5.2",
          "resolved": "https://registry.npmjs.org/qs/-/qs-6.5.2.tgz",
          "integrity": "sha512-N5ZAX4/LxJmF+7wN74pUD6qAh9/wnvdQcjq9TZjevvXzSUo7bfmw91saqMjzGS2xq91/odN2dW/WOl7qQHNDGA=="
        },
        "request": {
          "version": "2.88.0",
          "resolved": "https://registry.npmjs.org/request/-/request-2.88.0.tgz",
          "integrity": "sha512-NAqBSrijGLZdM0WZNsInLJpkJokL72XYjUpnB0iwsRgxh7dB6COrHnTBNwN0E+lHDAJzu7kLAkDeY08z2/A0hg==",
          "requires": {
            "aws-sign2": "~0.7.0",
            "aws4": "^1.8.0",
            "caseless": "~0.12.0",
            "combined-stream": "~1.0.6",
            "extend": "~3.0.2",
            "forever-agent": "~0.6.1",
            "form-data": "~2.3.2",
            "har-validator": "~5.1.0",
            "http-signature": "~1.2.0",
            "is-typedarray": "~1.0.0",
            "isstream": "~0.1.2",
            "json-stringify-safe": "~5.0.1",
            "mime-types": "~2.1.19",
            "oauth-sign": "~0.9.0",
            "performance-now": "^2.1.0",
            "qs": "~6.5.2",
            "safe-buffer": "^5.1.2",
            "tough-cookie": "~2.4.3",
            "tunnel-agent": "^0.6.0",
            "uuid": "^3.3.2"
          }
        },
        "tough-cookie": {
          "version": "2.4.3",
          "resolved": "https://registry.npmjs.org/tough-cookie/-/tough-cookie-2.4.3.tgz",
          "integrity": "sha512-Q5srk/4vDM54WJsJio3XNn6K2sCG+CQ8G5Wz6bZhRZoAe/+TxjWB/GlFAnYEbkYVlON9FMk/fE3h2RLpPXo4lQ==",
          "requires": {
            "psl": "^1.1.24",
            "punycode": "^1.4.1"
          }
        }
      }
    },
    "lodash": {
      "version": "4.17.15",
      "resolved": "https://registry.npm.taobao.org/lodash/download/lodash-4.17.15.tgz"
    },
    "md5": {
      "version": "2.2.1",
      "resolved": "https://registry.npm.taobao.org/md5/download/md5-2.2.1.tgz",
      "dependencies": {
        "charenc": {
          "version": "https://registry.npm.taobao.org/charenc/download/charenc-0.0.2.tgz"
        },
        "crypt": {
          "version": "https://registry.npm.taobao.org/crypt/download/crypt-0.0.2.tgz"
        },
        "is-buffer": {
          "version": "https://registry.npm.taobao.org/is-buffer/download/is-buffer-1.1.6.tgz"
        }
      }
    },
    "mime-types": {
      "version": "2.1.24",
      "resolved": "https://registry.npm.taobao.org/mime-types/download/mime-types-2.1.24.tgz",
      "dependencies": {
        "mime-db": {
          "version": "https://registry.npm.taobao.org/mime-db/download/mime-db-1.40.0.tgz"
        }
      }
    },
    "mongoose": {
      "version": "5.6.7",
      "resolved": "https://registry.npm.taobao.org/mongoose/download/mongoose-5.6.7.tgz",
      "dependencies": {
        "async": {
          "version": "https://registry.npm.taobao.org/async/download/async-2.6.2.tgz?cache=0&other_urls=https%3A%2F%2Fregistry.npm.taobao.org%2Fasync%2Fdownload%2Fasync-2.6.2.tgz"
        },
        "bson": {
          "version": "https://registry.npm.taobao.org/bson/download/bson-1.1.1.tgz"
        },
        "kareem": {
          "version": "https://registry.npm.taobao.org/kareem/download/kareem-2.3.0.tgz"
        },
        "mongodb": {
          "version": "https://registry.npm.taobao.org/mongodb/download/mongodb-3.2.7.tgz?cache=0&sync_timestamp=1563459347659&other_urls=https%3A%2F%2Fregistry.npm.taobao.org%2Fmongodb%2Fdownload%2Fmongodb-3.2.7.tgz"
        },
        "mongodb-core": {
          "version": "https://registry.npm.taobao.org/mongodb-core/download/mongodb-core-3.2.7.tgz",
          "dependencies": {
            "bson": {
              "version": "https://registry.npm.taobao.org/bson/download/bson-1.1.1.tgz"
            },
            "require_optional": {
              "version": "https://registry.npm.taobao.org/require_optional/download/require_optional-1.0.1.tgz"
            },
            "safe-buffer": {
              "version": "https://registry.npm.taobao.org/safe-buffer/download/safe-buffer-5.2.0.tgz"
            },
            "saslprep": {
              "version": "https://registry.npm.taobao.org/saslprep/download/saslprep-1.0.3.tgz"
            }
          }
        },
        "mongoose-legacy-pluralize": {
          "version": "https://registry.npm.taobao.org/mongoose-legacy-pluralize/download/mongoose-legacy-pluralize-1.0.2.tgz"
        },
        "mpath": {
          "version": "https://registry.npm.taobao.org/mpath/download/mpath-0.6.0.tgz"
        },
        "mquery": {
          "version": "https://registry.npm.taobao.org/mquery/download/mquery-3.2.1.tgz"
        },
        "ms": {
          "version": "https://registry.npm.taobao.org/ms/download/ms-2.1.2.tgz"
        },
        "regexp-clone": {
          "version": "https://registry.npm.taobao.org/regexp-clone/download/regexp-clone-1.0.0.tgz"
        },
        "safe-buffer": {
          "version": "https://registry.npm.taobao.org/safe-buffer/download/safe-buffer-5.1.2.tgz"
        },
        "sift": {
          "version": "https://registry.npm.taobao.org/sift/download/sift-7.0.1.tgz"
        },
        "sliced": {
          "version": "https://registry.npm.taobao.org/sliced/download/sliced-1.0.1.tgz"
        }
      }
    },
    "nodemailer": {
      "version": "6.3.0",
      "resolved": "https://registry.npm.taobao.org/nodemailer/download/nodemailer-6.3.0.tgz?cache=0&other_urls=https%3A%2F%2Fregistry.npm.taobao.org%2Fnodemailer%2Fdownload%2Fnodemailer-6.3.0.tgz"
    },
    "nodemon": {
      "version": "1.19.1",
      "resolved": "https://registry.npm.taobao.org/nodemon/download/nodemon-1.19.1.tgz",
      "dev": true,
      "requires": {
        "debug": "^3.1.0"
      },
      "dependencies": {
        "chokidar": {
          "version": "https://registry.npm.taobao.org/chokidar/download/chokidar-2.1.6.tgz?cache=0&sync_timestamp=1562457945399&other_urls=https%3A%2F%2Fregistry.npm.taobao.org%2Fchokidar%2Fdownload%2Fchokidar-2.1.6.tgz",
          "dependencies": {
            "anymatch": {
              "version": "https://registry.npm.taobao.org/anymatch/download/anymatch-2.0.0.tgz"
            },
            "async-each": {
              "version": "https://registry.npm.taobao.org/async-each/download/async-each-1.0.3.tgz"
            },
            "braces": {
              "version": "https://registry.npm.taobao.org/braces/download/braces-2.3.2.tgz",
              "dependencies": {
                "arr-flatten": {
                  "version": "https://registry.npm.taobao.org/arr-flatten/download/arr-flatten-1.1.0.tgz"
                },
                "array-unique": {
                  "version": "https://registry.npm.taobao.org/array-unique/download/array-unique-0.3.2.tgz"
                },
                "extend-shallow": {
                  "version": "https://registry.npm.taobao.org/extend-shallow/download/extend-shallow-2.0.1.tgz",
                  "dependencies": {
                    "is-extendable": {
                      "version": "https://registry.npm.taobao.org/is-extendable/download/is-extendable-0.1.1.tgz"
                    }
                  }
                },
                "fill-range": {
                  "version": "https://registry.npm.taobao.org/fill-range/download/fill-range-4.0.0.tgz"
                },
                "isobject": {
                  "version": "https://registry.npm.taobao.org/isobject/download/isobject-3.0.1.tgz"
                },
                "repeat-element": {
                  "version": "https://registry.npm.taobao.org/repeat-element/download/repeat-element-1.1.3.tgz"
                },
                "snapdragon": {
                  "version": "https://registry.npm.taobao.org/snapdragon/download/snapdragon-0.8.2.tgz"
                },
                "snapdragon-node": {
                  "version": "https://registry.npm.taobao.org/snapdragon-node/download/snapdragon-node-2.1.1.tgz"
                },
                "split-string": {
                  "version": "https://registry.npm.taobao.org/split-string/download/split-string-3.1.0.tgz",
                  "dependencies": {
                    "extend-shallow": {
                      "version": "https://registry.npm.taobao.org/extend-shallow/download/extend-shallow-3.0.2.tgz"
                    }
                  }
                },
                "to-regex": {
                  "version": "https://registry.npm.taobao.org/to-regex/download/to-regex-3.0.2.tgz"
                }
              }
            },
            "fsevents": {
              "version": "https://registry.npm.taobao.org/fsevents/download/fsevents-1.2.9.tgz"
            },
            "glob-parent": {
              "version": "https://registry.npm.taobao.org/glob-parent/download/glob-parent-3.1.0.tgz"
            },
            "inherits": {
              "version": "https://registry.npm.taobao.org/inherits/download/inherits-2.0.4.tgz"
            },
            "is-binary-path": {
              "version": "https://registry.npm.taobao.org/is-binary-path/download/is-binary-path-1.0.1.tgz"
            },
            "is-glob": {
              "version": "https://registry.npm.taobao.org/is-glob/download/is-glob-4.0.1.tgz"
            },
            "normalize-path": {
              "version": "https://registry.npm.taobao.org/normalize-path/download/normalize-path-3.0.0.tgz"
            },
            "path-is-absolute": {
              "version": "https://registry.npm.taobao.org/path-is-absolute/download/path-is-absolute-1.0.1.tgz"
            },
            "readdirp": {
              "version": "https://registry.npm.taobao.org/readdirp/download/readdirp-2.2.1.tgz?cache=0&sync_timestamp=1562457191963&other_urls=https%3A%2F%2Fregistry.npm.taobao.org%2Freaddirp%2Fdownload%2Freaddirp-2.2.1.tgz"
            },
            "upath": {
              "version": "https://registry.npm.taobao.org/upath/download/upath-1.1.2.tgz"
            }
          }
        },
        "debug": {
          "version": "https://registry.npm.taobao.org/debug/download/debug-3.2.6.tgz?cache=0&other_urls=https%3A%2F%2Fregistry.npm.taobao.org%2Fdebug%2Fdownload%2Fdebug-3.2.6.tgz"
        },
        "ignore-by-default": {
          "version": "https://registry.npm.taobao.org/ignore-by-default/download/ignore-by-default-1.0.1.tgz"
        },
        "minimatch": {
          "version": "https://registry.npm.taobao.org/minimatch/download/minimatch-3.0.4.tgz?cache=0&other_urls=https%3A%2F%2Fregistry.npm.taobao.org%2Fminimatch%2Fdownload%2Fminimatch-3.0.4.tgz"
        },
        "pstree.remy": {
          "version": "https://registry.npm.taobao.org/pstree.remy/download/pstree.remy-1.1.7.tgz"
        },
        "semver": {
          "version": "https://registry.npm.taobao.org/semver/download/semver-5.7.0.tgz"
        },
        "supports-color": {
          "version": "https://registry.npm.taobao.org/supports-color/download/supports-color-5.5.0.tgz"
        },
        "touch": {
          "version": "https://registry.npm.taobao.org/touch/download/touch-3.1.0.tgz"
        },
        "undefsafe": {
          "version": "https://registry.npm.taobao.org/undefsafe/download/undefsafe-2.0.2.tgz"
        },
        "update-notifier": {
          "version": "https://registry.npm.taobao.org/update-notifier/download/update-notifier-2.5.0.tgz?cache=0&other_urls=https%3A%2F%2Fregistry.npm.taobao.org%2Fupdate-notifier%2Fdownload%2Fupdate-notifier-2.5.0.tgz"
        }
      }
    },
    "oauth-sign": {
      "version": "0.9.0",
      "resolved": "https://registry.npm.taobao.org/oauth-sign/download/oauth-sign-0.9.0.tgz"
    },
    "performance-now": {
      "version": "2.1.0",
      "resolved": "https://registry.npm.taobao.org/performance-now/download/performance-now-2.1.0.tgz"
    },
    "psl": {
      "version": "1.3.0",
      "resolved": "https://registry.npm.taobao.org/psl/download/psl-1.3.0.tgz"
    },
    "pug": {
      "version": "2.0.4",
      "resolved": "https://registry.npm.taobao.org/pug/download/pug-2.0.4.tgz",
      "dependencies": {
        "pug-code-gen": {
          "version": "https://registry.npm.taobao.org/pug-code-gen/download/pug-code-gen-2.0.2.tgz"
        },
        "pug-filters": {
          "version": "https://registry.npm.taobao.org/pug-filters/download/pug-filters-3.1.1.tgz"
        },
        "pug-lexer": {
          "version": "https://registry.npm.taobao.org/pug-lexer/download/pug-lexer-4.1.0.tgz"
        },
        "pug-linker": {
          "version": "https://registry.npm.taobao.org/pug-linker/download/pug-linker-3.0.6.tgz"
        },
        "pug-load": {
          "version": "https://registry.npm.taobao.org/pug-load/download/pug-load-2.0.12.tgz"
        },
        "pug-parser": {
          "version": "https://registry.npm.taobao.org/pug-parser/download/pug-parser-5.0.1.tgz"
        },
        "pug-runtime": {
          "version": "https://registry.npm.taobao.org/pug-runtime/download/pug-runtime-2.0.5.tgz"
        },
        "pug-strip-comments": {
          "version": "https://registry.npm.taobao.org/pug-strip-comments/download/pug-strip-comments-1.0.4.tgz"
        }
      }
    },
    "punycode": {
      "version": "2.1.1",
      "resolved": "https://registry.npm.taobao.org/punycode/download/punycode-2.1.1.tgz"
    },
    "request": {
      "version": "2.88.0",
      "resolved": "https://registry.npm.taobao.org/request/download/request-2.88.0.tgz",
      "requires": {
        "aws-sign2": "~0.7.0",
        "aws4": "^1.8.0",
        "caseless": "~0.12.0",
        "combined-stream": "~1.0.6",
        "extend": "~3.0.2",
        "forever-agent": "~0.6.1",
        "form-data": "~2.3.2",
        "har-validator": "~5.1.0",
        "http-signature": "~1.2.0",
        "is-typedarray": "~1.0.0",
        "isstream": "~0.1.2",
        "json-stringify-safe": "~5.0.1",
        "mime-types": "~2.1.19",
        "oauth-sign": "~0.9.0",
        "performance-now": "^2.1.0",
        "qs": "~6.5.2",
        "safe-buffer": "^5.1.2",
        "tough-cookie": "~2.4.3",
        "tunnel-agent": "^0.6.0",
        "uuid": "^3.3.2"
      },
      "dependencies": {
        "aws-sign2": {
          "version": "https://registry.npm.taobao.org/aws-sign2/download/aws-sign2-0.7.0.tgz"
        },
        "aws4": {
          "version": "https://registry.npm.taobao.org/aws4/download/aws4-1.8.0.tgz"
        },
        "caseless": {
          "version": "https://registry.npm.taobao.org/caseless/download/caseless-0.12.0.tgz"
        },
        "combined-stream": {
          "version": "https://registry.npm.taobao.org/combined-stream/download/combined-stream-1.0.8.tgz",
          "dependencies": {
            "delayed-stream": {
              "version": "https://registry.npm.taobao.org/delayed-stream/download/delayed-stream-1.0.0.tgz"
            }
          }
        },
        "extend": {
          "version": "https://registry.npm.taobao.org/extend/download/extend-3.0.2.tgz"
        },
        "forever-agent": {
          "version": "https://registry.npm.taobao.org/forever-agent/download/forever-agent-0.6.1.tgz"
        },
        "form-data": {
          "version": "https://registry.npm.taobao.org/form-data/download/form-data-2.3.3.tgz",
          "dependencies": {
            "asynckit": {
              "version": "https://registry.npm.taobao.org/asynckit/download/asynckit-0.4.0.tgz"
            },
            "combined-stream": {
              "version": "https://registry.npm.taobao.org/combined-stream/download/combined-stream-1.0.8.tgz"
            },
            "mime-types": {
              "version": "https://registry.npm.taobao.org/mime-types/download/mime-types-2.1.24.tgz",
              "dependencies": {}
            }
          }
        },
        "har-validator": {
          "version": "https://registry.npm.taobao.org/har-validator/download/har-validator-5.1.3.tgz"
        },
        "http-signature": {
          "version": "https://registry.npm.taobao.org/http-signature/download/http-signature-1.2.0.tgz"
        },
        "is-typedarray": {
          "version": "https://registry.npm.taobao.org/is-typedarray/download/is-typedarray-1.0.0.tgz"
        },
        "isstream": {
          "version": "https://registry.npm.taobao.org/isstream/download/isstream-0.1.2.tgz"
        },
        "json-stringify-safe": {
          "version": "https://registry.npm.taobao.org/json-stringify-safe/download/json-stringify-safe-5.0.1.tgz?cache=0&other_urls=https%3A%2F%2Fregistry.npm.taobao.org%2Fjson-stringify-safe%2Fdownload%2Fjson-stringify-safe-5.0.1.tgz"
        },
        "mime-types": {
          "version": "https://registry.npm.taobao.org/mime-types/download/mime-types-2.1.24.tgz",
          "dependencies": {
            "mime-db": {
              "version": "https://registry.npm.taobao.org/mime-db/download/mime-db-1.40.0.tgz"
            }
          }
        },
        "oauth-sign": {
          "version": "https://registry.npm.taobao.org/oauth-sign/download/oauth-sign-0.9.0.tgz"
        },
        "performance-now": {
          "version": "https://registry.npm.taobao.org/performance-now/download/performance-now-2.1.0.tgz"
        },
        "punycode": {
          "version": "1.4.1",
          "resolved": "https://registry.npmjs.org/punycode/-/punycode-1.4.1.tgz",
          "integrity": "sha1-wNWmOycYgArY4esPpSachN1BhF4="
        },
        "qs": {
          "version": "6.5.2",
          "resolved": "https://registry.npmjs.org/qs/-/qs-6.5.2.tgz",
          "integrity": "sha512-N5ZAX4/LxJmF+7wN74pUD6qAh9/wnvdQcjq9TZjevvXzSUo7bfmw91saqMjzGS2xq91/odN2dW/WOl7qQHNDGA=="
        },
        "safe-buffer": {
          "version": "https://registry.npm.taobao.org/safe-buffer/download/safe-buffer-5.2.0.tgz"
        },
        "tough-cookie": {
          "version": "2.4.3",
          "resolved": "https://registry.npmjs.org/tough-cookie/-/tough-cookie-2.4.3.tgz",
          "integrity": "sha512-Q5srk/4vDM54WJsJio3XNn6K2sCG+CQ8G5Wz6bZhRZoAe/+TxjWB/GlFAnYEbkYVlON9FMk/fE3h2RLpPXo4lQ==",
          "requires": {
            "psl": "^1.1.24",
            "punycode": "^1.4.1"
          }
        },
        "tunnel-agent": {
          "version": "https://registry.npm.taobao.org/tunnel-agent/download/tunnel-agent-0.6.0.tgz"
        },
        "uuid": {
          "version": "https://registry.npm.taobao.org/uuid/download/uuid-3.3.2.tgz?cache=0&other_urls=https%3A%2F%2Fregistry.npm.taobao.org%2Fuuid%2Fdownload%2Fuuid-3.3.2.tgz"
        }
      }
    },
    "request-promise": {
      "version": "4.2.4",
      "resolved": "https://registry.npm.taobao.org/request-promise/download/request-promise-4.2.4.tgz",
      "requires": {
        "request-promise-core": "1.1.2",
        "stealthy-require": "^1.1.1"
      },
      "dependencies": {
        "bluebird": {
          "version": "https://registry.npm.taobao.org/bluebird/download/bluebird-3.5.5.tgz?cache=0&other_urls=https%3A%2F%2Fregistry.npm.taobao.org%2Fbluebird%2Fdownload%2Fbluebird-3.5.5.tgz"
        },
        "request-promise-core": {
          "version": "https://registry.npm.taobao.org/request-promise-core/download/request-promise-core-1.1.2.tgz"
        },
        "stealthy-require": {
          "version": "https://registry.npm.taobao.org/stealthy-require/download/stealthy-require-1.1.1.tgz"
        },
        "tough-cookie": {
          "version": "https://registry.npm.taobao.org/tough-cookie/download/tough-cookie-2.5.0.tgz"
        }
      }
    },
    "request-promise-core": {
      "version": "1.1.2",
      "resolved": "https://registry.npm.taobao.org/request-promise-core/download/request-promise-core-1.1.2.tgz",
      "requires": {
        "lodash": "^4.17.11"
      },
      "dependencies": {
        "lodash": {
          "version": "https://registry.npm.taobao.org/lodash/download/lodash-4.17.15.tgz"
        }
      }
    },
    "request-promise-native": {
      "version": "1.0.7",
      "resolved": "https://registry.npmjs.org/request-promise-native/-/request-promise-native-1.0.7.tgz",
      "integrity": "sha512-rIMnbBdgNViL37nZ1b3L/VfPOpSi0TqVDQPAvO6U14lMzOLrt5nilxCQqtDKhZeDiW0/hkCXGoQjhgJd/tCh6w==",
      "requires": {
        "request-promise-core": "1.1.2",
        "stealthy-require": "^1.1.1",
        "tough-cookie": "^2.3.3"
      },
      "dependencies": {
        "tough-cookie": {
          "version": "2.5.0",
          "resolved": "https://registry.npmjs.org/tough-cookie/-/tough-cookie-2.5.0.tgz",
          "integrity": "sha512-nlLsUzgm1kfLXSXfRZMc1KLAugd4hqJHDTvc2hDIwS3mZAfMEuMbc03SujMF+GEcpaX/qboeycw6iO8JwVv2+g==",
          "requires": {
            "psl": "^1.1.28",
            "punycode": "^2.1.1"
          }
        }
      }
    },
    "safe-buffer": {
      "version": "5.2.0",
      "resolved": "https://registry.npm.taobao.org/safe-buffer/download/safe-buffer-5.2.0.tgz"
    },
    "stealthy-require": {
      "version": "1.1.1",
      "resolved": "https://registry.npm.taobao.org/stealthy-require/download/stealthy-require-1.1.1.tgz"
    },
    "svg-captcha": {
      "version": "1.4.0",
      "resolved": "https://registry.npm.taobao.org/svg-captcha/download/svg-captcha-1.4.0.tgz"
    },
    "tunnel-agent": {
      "version": "0.6.0",
      "resolved": "https://registry.npm.taobao.org/tunnel-agent/download/tunnel-agent-0.6.0.tgz",
      "requires": {
        "safe-buffer": "^5.0.1"
      },
      "dependencies": {
        "safe-buffer": {
          "version": "https://registry.npm.taobao.org/safe-buffer/download/safe-buffer-5.2.0.tgz"
        }
      }
    },
    "uuid": {
      "version": "3.3.2",
      "resolved": "https://registry.npm.taobao.org/uuid/download/uuid-3.3.2.tgz?cache=0&other_urls=https%3A%2F%2Fregistry.npm.taobao.org%2Fuuid%2Fdownload%2Fuuid-3.3.2.tgz"
    }
  }
}
